
Microsoft Visual Studio Solution File, Format Version 12.00
# Visual Studio Version 16
VisualStudioVersion = 16.0.30907.101
MinimumVisualStudioVersion = 10.0.40219.1
Project("{2150E333-8FDC-42A3-9474-1A3956D46DE8}") = "Task0", "Task0", "{7670A8CF-4DB1-4FF1-BD13-3EE0969A6048}"
EndProject
Project("{FAE04EC0-301F-11D3-BF4B-00C04F79EFBC}") = "Tyuiu.ShepiotkinIA.Sprint2.Task0.V8", "Tyuiu.ShepiotkinIA.Sprint2.Task0.V8\Tyuiu.ShepiotkinIA.Sprint2.Task0.V8.csproj", "{67C96768-2358-4FA0-80CF-4771747191D2}"
EndProject
Project("{FAE04EC0-301F-11D3-BF4B-00C04F79EFBC}") = "Tyuiu.ShepiotkinIA.Sprint2.Task0.V8.Test", "Tyuiu.ShepiotkinIA.Sprint2.Task0.V8.Test\Tyuiu.ShepiotkinIA.Sprint2.Task0.V8.Test.csproj", "{66E45987-7B89-400D-9BB2-2143708DFDAD}"
EndProject
Project("{FAE04EC0-301F-11D3-BF4B-00C04F79EFBC}") = "Tyuiu.ShepiotkinIA.Sprint2.Task0.V8.Lib", "Tyuiu.ShepiotkinIA.Sprint2.Task0.V8.Lib\Tyuiu.ShepiotkinIA.Sprint2.Task0.V8.Lib.csproj", "{635032CC-78D5-47A8-AD31-6BB4484099F4}"
EndProject
Project("{2150E333-8FDC-42A3-9474-1A3956D46DE8}") = "Task1", "Task1", "{F15CFDDC-000F-445C-A77F-0FD45E151E3E}"
EndProject
Project("{FAE04EC0-301F-11D3-BF4B-00C04F79EFBC}") = "Tyuiu.ShepiotkinIA.Sprint2.Task1.V17", "Tyuiu.ShepiotkinIA.Sprint2.Task1.V17\Tyuiu.ShepiotkinIA.Sprint2.Task1.V17.csproj", "{F0D36DFF-D3FC-4912-A060-0EEC88DB79F6}"
EndProject
Project("{FAE04EC0-301F-11D3-BF4B-00C04F79EFBC}") = "Tyuiu.ShepiotkinIA.Sprint2.Task1.V17.Lib", "Tyuiu.ShepiotkinIA.Sprint2.Task1.V17.Lib\Tyuiu.ShepiotkinIA.Sprint2.Task1.V17.Lib.csproj", "{5CF3B015-4C69-40D5-BDBE-4D0E0EB054DD}"
EndProject
Project("{FAE04EC0-301F-11D3-BF4B-00C04F79EFBC}") = "Tyuiu.ShepiotkinIA.Sprint2.Task1.V17.Test", "Tyuiu.ShepiotkinIA.Sprint2.Task1.V17.Test\Tyuiu.ShepiotkinIA.Sprint2.Task1.V17.Test.csproj", "{F99EFDDA-EEF3-4A68-B7E6-5C5BA923542D}"
EndProject
Project("{2150E333-8FDC-42A3-9474-1A3956D46DE8}") = "Task2", "Task2", "{8684B0D3-3316-43CB-8A0F-EEE7ECC3397A}"
EndProject
Project("{FAE04EC0-301F-11D3-BF4B-00C04F79EFBC}") = "Tyuiu.ShepiotkinIA.Sprint2.Task2.V26", "Tyuiu.ShepiotkinIA.Sprint2.Task2.V26\Tyuiu.ShepiotkinIA.Sprint2.Task2.V26.csproj", "{7D323325-8D88-4DDF-9F56-823EE51939B1}"
EndProject
Project("{FAE04EC0-301F-11D3-BF4B-00C04F79EFBC}") = "Tyuiu.ShepiotkinIA.Sprint2.Task2.V26.Test", "Tyuiu.ShepiotkinIA.Sprint2.Task2.V26.Test\Tyuiu.ShepiotkinIA.Sprint2.Task2.V26.Test.csproj", "{17CCD2A0-8F8E-46B1-AAA7-E2EB6A0A8761}"
EndProject
Project("{FAE04EC0-301F-11D3-BF4B-00C04F79EFBC}") = "Tyuiu.ShepiotkinIA.Sprint2.Task2.V26.Lib", "Tyuiu.ShepiotkinIA.Sprint2.Task2.V26.Lib\Tyuiu.ShepiotkinIA.Sprint2.Task2.V26.Lib.csproj", "{1C5A8416-23ED-449D-B2AC-CA945A598464}"
EndProject
Project("{2150E333-8FDC-42A3-9474-1A3956D46DE8}") = "Task3", "Task3", "{0B0FD628-4945-40C4-8620-FC8AAC1D89D0}"
EndProject
Project("{FAE04EC0-301F-11D3-BF4B-00C04F79EFBC}") = "Tyuiu.ShepiotkinIA.Sprint2.Task3.V8", "Tyuiu.ShepiotkinIA.Sprint2.Task3.V8\Tyuiu.ShepiotkinIA.Sprint2.Task3.V8.csproj", "{62BFD8B6-1C79-430C-A1F6-FEF61023F7D7}"
EndProject
Project("{FAE04EC0-301F-11D3-BF4B-00C04F79EFBC}") = "Tyuiu.ShepiotkinIA.Sprint2.Task3.V8.Lib", "Tyuiu.ShepiotkinIA.Sprint2.Task3.V8.Lib\Tyuiu.ShepiotkinIA.Sprint2.Task3.V8.Lib.csproj", "{9A662CBD-3061-42D3-941B-BDA1EF93E09D}"
EndProject
Project("{FAE04EC0-301F-11D3-BF4B-00C04F79EFBC}") = "Tyuiu.ShepiotkinIA.Sprint2.Task3.V8.Test", "Tyuiu.ShepiotkinIA.Sprint2.Task3.V8.Test\Tyuiu.ShepiotkinIA.Sprint2.Task3.V8.Test.csproj", "{15ABB5CB-E601-4362-AE60-646CADD67740}"
EndProject
Project("{2150E333-8FDC-42A3-9474-1A3956D46DE8}") = "Task4", "Task4", "{6703A3CB-B76C-45BB-8254-189EFBB91AD6}"
EndProject
Project("{FAE04EC0-301F-11D3-BF4B-00C04F79EFBC}") = "Tyuiu.ShepiotkinIA.Sprint2.Task4.V28", "Tyuiu.ShepiotkinIA.Sprint2.Task4.V28\Tyuiu.ShepiotkinIA.Sprint2.Task4.V28.csproj", "{17312E8C-5262-48EF-A27F-0B4FFB36BE45}"
EndProject
Project("{FAE04EC0-301F-11D3-BF4B-00C04F79EFBC}") = "Tyuiu.ShepiotkinIA.Sprint2.Task4.V28.Lib", "Tyuiu.ShepiotkinIA.Sprint2.Task4.V28.Lib\Tyuiu.ShepiotkinIA.Sprint2.Task4.V28.Lib.csproj", "{FF0C27BC-6697-455D-979D-0B426302218E}"
EndProject
Project("{FAE04EC0-301F-11D3-BF4B-00C04F79EFBC}") = "Tyuiu.ShepiotkinIA.Sprint2.Task4.V28.Test", "Tyuiu.ShepiotkinIA.Sprint2.Task4.V28.Test\Tyuiu.ShepiotkinIA.Sprint2.Task4.V28.Test.csproj", "{05DE72F7-69F2-4603-B4AF-092FFD94546A}"
EndProject
Project("{2150E333-8FDC-42A3-9474-1A3956D46DE8}") = "Task5", "Task5", "{B3268B47-5362-4BCD-984E-0EFBD1616A2F}"
EndProject
Project("{FAE04EC0-301F-11D3-BF4B-00C04F79EFBC}") = "Tyuiu.ShepiotkinIA.Sprint2.Task5.V7", "Tyuiu.ShepiotkinIA.Sprint2.Task5.V7\Tyuiu.ShepiotkinIA.Sprint2.Task5.V7.csproj", "{17B43942-58FA-4030-8878-D34DA3E54D7D}"
EndProject
Project("{FAE04EC0-301F-11D3-BF4B-00C04F79EFBC}") = "Tyuiu.ShepiotkinIA.Sprint2.Task5.V7.Lib", "Tyuiu.ShepiotkinIA.Sprint2.Task5.V7.Lib\Tyuiu.ShepiotkinIA.Sprint2.Task5.V7.Lib.csproj", "{2F5CE390-DEF6-42C4-BBC9-6C210B8949A9}"
EndProject
Project("{FAE04EC0-301F-11D3-BF4B-00C04F79EFBC}") = "Tyuiu.ShepiotkinIA.Sprint2.Task5.V7.Test", "Tyuiu.ShepiotkinIA.Sprint2.Task5.V7.Test\Tyuiu.ShepiotkinIA.Sprint2.Task5.V7.Test.csproj", "{65C3F8E0-6E97-4553-843C-ED46FA3FA588}"
EndProject
Global
	GlobalSection(SolutionConfigurationPlatforms) = preSolution
		Debug|Any CPU = Debug|Any CPU
		Release|Any CPU = Release|Any CPU
	EndGlobalSection
	GlobalSection(ProjectConfigurationPlatforms) = postSolution
		{67C96768-2358-4FA0-80CF-4771747191D2}.Debug|Any CPU.ActiveCfg = Debug|Any CPU
		{67C96768-2358-4FA0-80CF-4771747191D2}.Debug|Any CPU.Build.0 = Debug|Any CPU
		{67C96768-2358-4FA0-80CF-4771747191D2}.Release|Any CPU.ActiveCfg = Release|Any CPU
		{67C96768-2358-4FA0-80CF-4771747191D2}.Release|Any CPU.Build.0 = Release|Any CPU
		{66E45987-7B89-400D-9BB2-2143708DFDAD}.Debug|Any CPU.ActiveCfg = Debug|Any CPU
		{66E45987-7B89-400D-9BB2-2143708DFDAD}.Debug|Any CPU.Build.0 = Debug|Any CPU
		{66E45987-7B89-400D-9BB2-2143708DFDAD}.Release|Any CPU.ActiveCfg = Release|Any CPU
		{66E45987-7B89-400D-9BB2-2143708DFDAD}.Release|Any CPU.Build.0 = Release|Any CPU
		{635032CC-78D5-47A8-AD31-6BB4484099F4}.Debug|Any CPU.ActiveCfg = Debug|Any CPU
		{635032CC-78D5-47A8-AD31-6BB4484099F4}.Debug|Any CPU.Build.0 = Debug|Any CPU
		{635032CC-78D5-47A8-AD31-6BB4484099F4}.Release|Any CPU.ActiveCfg = Release|Any CPU
		{635032CC-78D5-47A8-AD31-6BB4484099F4}.Release|Any CPU.Build.0 = Release|Any CPU
		{F0D36DFF-D3FC-4912-A060-0EEC88DB79F6}.Debug|Any CPU.ActiveCfg = Debug|Any CPU
		{F0D36DFF-D3FC-4912-A060-0EEC88DB79F6}.Debug|Any CPU.Build.0 = Debug|Any CPU
		{F0D36DFF-D3FC-4912-A060-0EEC88DB79F6}.Release|Any CPU.ActiveCfg = Release|Any CPU
		{F0D36DFF-D3FC-4912-A060-0EEC88DB79F6}.Release|Any CPU.Build.0 = Release|Any CPU
		{5CF3B015-4C69-40D5-BDBE-4D0E0EB054DD}.Debug|Any CPU.ActiveCfg = Debug|Any CPU
		{5CF3B015-4C69-40D5-BDBE-4D0E0EB054DD}.Debug|Any CPU.Build.0 = Debug|Any CPU
		{5CF3B015-4C69-40D5-BDBE-4D0E0EB054DD}.Release|Any CPU.ActiveCfg = Release|Any CPU
		{5CF3B015-4C69-40D5-BDBE-4D0E0EB054DD}.Release|Any CPU.Build.0 = Release|Any CPU
		{F99EFDDA-EEF3-4A68-B7E6-5C5BA923542D}.Debug|Any CPU.ActiveCfg = Debug|Any CPU
		{F99EFDDA-EEF3-4A68-B7E6-5C5BA923542D}.Debug|Any CPU.Build.0 = Debug|Any CPU
		{F99EFDDA-EEF3-4A68-B7E6-5C5BA923542D}.Release|Any CPU.ActiveCfg = Release|Any CPU
		{F99EFDDA-EEF3-4A68-B7E6-5C5BA923542D}.Release|Any CPU.Build.0 = Release|Any CPU
		{7D323325-8D88-4DDF-9F56-823EE51939B1}.Debug|Any CPU.ActiveCfg = Debug|Any CPU
		{7D323325-8D88-4DDF-9F56-823EE51939B1}.Debug|Any CPU.Build.0 = Debug|Any CPU
		{7D323325-8D88-4DDF-9F56-823EE51939B1}.Release|Any CPU.ActiveCfg = Release|Any CPU
		{7D323325-8D88-4DDF-9F56-823EE51939B1}.Release|Any CPU.Build.0 = Release|Any CPU
		{17CCD2A0-8F8E-46B1-AAA7-E2EB6A0A8761}.Debug|Any CPU.ActiveCfg = Debug|Any CPU
		{17CCD2A0-8F8E-46B1-AAA7-E2EB6A0A8761}.Debug|Any CPU.Build.0 = Debug|Any CPU
		{17CCD2A0-8F8E-46B1-AAA7-E2EB6A0A8761}.Release|Any CPU.ActiveCfg = Release|Any CPU
		{17CCD2A0-8F8E-46B1-AAA7-E2EB6A0A8761}.Release|Any CPU.Build.0 = Release|Any CPU
		{1C5A8416-23ED-449D-B2AC-CA945A598464}.Debug|Any CPU.ActiveCfg = Debug|Any CPU
		{1C5A8416-23ED-449D-B2AC-CA945A598464}.Debug|Any CPU.Build.0 = Debug|Any CPU
		{1C5A8416-23ED-449D-B2AC-CA945A598464}.Release|Any CPU.ActiveCfg = Release|Any CPU
		{1C5A8416-23ED-449D-B2AC-CA945A598464}.Release|Any CPU.Build.0 = Release|Any CPU
		{62BFD8B6-1C79-430C-A1F6-FEF61023F7D7}.Debug|Any CPU.ActiveCfg = Debug|Any CPU
		{62BFD8B6-1C79-430C-A1F6-FEF61023F7D7}.Debug|Any CPU.Build.0 = Debug|Any CPU
		{62BFD8B6-1C79-430C-A1F6-FEF61023F7D7}.Release|Any CPU.ActiveCfg = Release|Any CPU
		{62BFD8B6-1C79-430C-A1F6-FEF61023F7D7}.Release|Any CPU.Build.0 = Release|Any CPU
		{9A662CBD-3061-42D3-941B-BDA1EF93E09D}.Debug|Any CPU.ActiveCfg = Debug|Any CPU
		{9A662CBD-3061-42D3-941B-BDA1EF93E09D}.Debug|Any CPU.Build.0 = Debug|Any CPU
		{9A662CBD-3061-42D3-941B-BDA1EF93E09D}.Release|Any CPU.ActiveCfg = Release|Any CPU
		{9A662CBD-3061-42D3-941B-BDA1EF93E09D}.Release|Any CPU.Build.0 = Release|Any CPU
		{15ABB5CB-E601-4362-AE60-646CADD67740}.Debug|Any CPU.ActiveCfg = Debug|Any CPU
		{15ABB5CB-E601-4362-AE60-646CADD67740}.Debug|Any CPU.Build.0 = Debug|Any CPU
		{15ABB5CB-E601-4362-AE60-646CADD67740}.Release|Any CPU.ActiveCfg = Release|Any CPU
		{15ABB5CB-E601-4362-AE60-646CADD67740}.Release|Any CPU.Build.0 = Release|Any CPU
		{17312E8C-5262-48EF-A27F-0B4FFB36BE45}.Debug|Any CPU.ActiveCfg = Debug|Any CPU
		{17312E8C-5262-48EF-A27F-0B4FFB36BE45}.Debug|Any CPU.Build.0 = Debug|Any CPU
		{17312E8C-5262-48EF-A27F-0B4FFB36BE45}.Release|Any CPU.ActiveCfg = Release|Any CPU
		{17312E8C-5262-48EF-A27F-0B4FFB36BE45}.Release|Any CPU.Build.0 = Release|Any CPU
		{FF0C27BC-6697-455D-979D-0B426302218E}.Debug|Any CPU.ActiveCfg = Debug|Any CPU
		{FF0C27BC-6697-455D-979D-0B426302218E}.Debug|Any CPU.Build.0 = Debug|Any CPU
		{FF0C27BC-6697-455D-979D-0B426302218E}.Release|Any CPU.ActiveCfg = Release|Any CPU
		{FF0C27BC-6697-455D-979D-0B426302218E}.Release|Any CPU.Build.0 = Release|Any CPU
		{05DE72F7-69F2-4603-B4AF-092FFD94546A}.Debug|Any CPU.ActiveCfg = Debug|Any CPU
		{05DE72F7-69F2-4603-B4AF-092FFD94546A}.Debug|Any CPU.Build.0 = Debug|Any CPU
		{05DE72F7-69F2-4603-B4AF-092FFD94546A}.Release|Any CPU.ActiveCfg = Release|Any CPU
		{05DE72F7-69F2-4603-B4AF-092FFD94546A}.Release|Any CPU.Build.0 = Release|Any CPU
		{17B43942-58FA-4030-8878-D34DA3E54D7D}.Debug|Any CPU.ActiveCfg = Debug|Any CPU
		{17B43942-58FA-4030-8878-D34DA3E54D7D}.Debug|Any CPU.Build.0 = Debug|Any CPU
		{17B43942-58FA-4030-8878-D34DA3E54D7D}.Release|Any CPU.ActiveCfg = Release|Any CPU
		{17B43942-58FA-4030-8878-D34DA3E54D7D}.Release|Any CPU.Build.0 = Release|Any CPU
		{2F5CE390-DEF6-42C4-BBC9-6C210B8949A9}.Debug|Any CPU.ActiveCfg = Debug|Any CPU
		{2F5CE390-DEF6-42C4-BBC9-6C210B8949A9}.Debug|Any CPU.Build.0 = Debug|Any CPU
		{2F5CE390-DEF6-42C4-BBC9-6C210B8949A9}.Release|Any CPU.ActiveCfg = Release|Any CPU
		{2F5CE390-DEF6-42C4-BBC9-6C210B8949A9}.Release|Any CPU.Build.0 = Release|Any CPU
		{65C3F8E0-6E97-4553-843C-ED46FA3FA588}.Debug|Any CPU.ActiveCfg = Debug|Any CPU
		{65C3F8E0-6E97-4553-843C-ED46FA3FA588}.Debug|Any CPU.Build.0 = Debug|Any CPU
		{65C3F8E0-6E97-4553-843C-ED46FA3FA588}.Release|Any CPU.ActiveCfg = Release|Any CPU
		{65C3F8E0-6E97-4553-843C-ED46FA3FA588}.Release|Any CPU.Build.0 = Release|Any CPU
	EndGlobalSection
	GlobalSection(SolutionProperties) = preSolution
		HideSolutionNode = FALSE
	EndGlobalSection
	GlobalSection(NestedProjects) = preSolution
		{67C96768-2358-4FA0-80CF-4771747191D2} = {7670A8CF-4DB1-4FF1-BD13-3EE0969A6048}
		{66E45987-7B89-400D-9BB2-2143708DFDAD} = {7670A8CF-4DB1-4FF1-BD13-3EE0969A6048}
		{635032CC-78D5-47A8-AD31-6BB4484099F4} = {7670A8CF-4DB1-4FF1-BD13-3EE0969A6048}
		{F0D36DFF-D3FC-4912-A060-0EEC88DB79F6} = {F15CFDDC-000F-445C-A77F-0FD45E151E3E}
		{5CF3B015-4C69-40D5-BDBE-4D0E0EB054DD} = {F15CFDDC-000F-445C-A77F-0FD45E151E3E}
		{F99EFDDA-EEF3-4A68-B7E6-5C5BA923542D} = {F15CFDDC-000F-445C-A77F-0FD45E151E3E}
		{7D323325-8D88-4DDF-9F56-823EE51939B1} = {8684B0D3-3316-43CB-8A0F-EEE7ECC3397A}
		{17CCD2A0-8F8E-46B1-AAA7-E2EB6A0A8761} = {8684B0D3-3316-43CB-8A0F-EEE7ECC3397A}
		{1C5A8416-23ED-449D-B2AC-CA945A598464} = {8684B0D3-3316-43CB-8A0F-EEE7ECC3397A}
		{62BFD8B6-1C79-430C-A1F6-FEF61023F7D7} = {0B0FD628-4945-40C4-8620-FC8AAC1D89D0}
		{9A662CBD-3061-42D3-941B-BDA1EF93E09D} = {0B0FD628-4945-40C4-8620-FC8AAC1D89D0}
		{15ABB5CB-E601-4362-AE60-646CADD67740} = {0B0FD628-4945-40C4-8620-FC8AAC1D89D0}
		{17312E8C-5262-48EF-A27F-0B4FFB36BE45} = {6703A3CB-B76C-45BB-8254-189EFBB91AD6}
		{FF0C27BC-6697-455D-979D-0B426302218E} = {6703A3CB-B76C-45BB-8254-189EFBB91AD6}
		{05DE72F7-69F2-4603-B4AF-092FFD94546A} = {6703A3CB-B76C-45BB-8254-189EFBB91AD6}
		{17B43942-58FA-4030-8878-D34DA3E54D7D} = {B3268B47-5362-4BCD-984E-0EFBD1616A2F}
		{2F5CE390-DEF6-42C4-BBC9-6C210B8949A9} = {B3268B47-5362-4BCD-984E-0EFBD1616A2F}
		{65C3F8E0-6E97-4553-843C-ED46FA3FA588} = {B3268B47-5362-4BCD-984E-0EFBD1616A2F}
	EndGlobalSection
	GlobalSection(ExtensibilityGlobals) = postSolution
		SolutionGuid = {45B02467-B9D8-4950-8746-41DF8D11E5AC}
	EndGlobalSection
EndGlobal
